
Microsoft Visual Studio Solution File, Format Version 12.00
# Visual Studio 15
VisualStudioVersion = 15.0.28307.168
MinimumVisualStudioVersion = 10.0.40219.1
Project("{FAE04EC0-301F-11D3-BF4B-00C04F79EFBC}") = "Ebay", "Ebay\Ebay.csproj", "{B1AF27DC-82F5-4054-9C27-18A4332D8EEC}"
EndProject
Global
	GlobalSection(SolutionConfigurationPlatforms) = preSolution
		Debug|Any CPU = Debug|Any CPU
		Release|Any CPU = Release|Any CPU
	EndGlobalSection
	GlobalSection(ProjectConfigurationPlatforms) = postSolution
		{B1AF27DC-82F5-4054-9C27-18A4332D8EEC}.Debug|Any CPU.ActiveCfg = Debug|Any CPU
		{B1AF27DC-82F5-4054-9C27-18A4332D8EEC}.Debug|Any CPU.Build.0 = Debug|Any CPU
		{B1AF27DC-82F5-4054-9C27-18A4332D8EEC}.Release|Any CPU.ActiveCfg = Release|Any CPU
		{B1AF27DC-82F5-4054-9C27-18A4332D8EEC}.Release|Any CPU.Build.0 = Release|Any CPU
	EndGlobalSection
	GlobalSection(SolutionProperties) = preSolution
		HideSolutionNode = FALSE
	EndGlobalSection
	GlobalSection(ExtensibilityGlobals) = postSolution
		SolutionGuid = {B6C9335C-BE89-4B1A-A56C-B5C422ABD419}
	EndGlobalSection
EndGlobal
